// !$*UTF8*$!
{
	archiveVersion = 1;
	classes = {
	};
	objectVersion = 56;
	objects = {

/* Begin PBXBuildFile section */
		CEE46B3C2DE02CAF008A1B22 /* MarveLKCPracticeApp.swift in Sources */ = {isa = PBXBuildFile; fileRef = CEE46B3B2DE02CAF008A1B22 /* MarveLKCPracticeApp.swift */; };
		CEE46B402DE02CB0008A1B22 /* Assets.xcassets in Resources */ = {isa = PBXBuildFile; fileRef = CEE46B3F2DE02CB0008A1B22 /* Assets.xcassets */; };
		CEE46B432DE02CB0008A1B22 /* Preview Assets.xcassets in Resources */ = {isa = PBXBuildFile; fileRef = CEE46B422DE02CB0008A1B22 /* Preview Assets.xcassets */; };
		CEE46B4C2DE02CF1008A1B22 /* MarvelModels.swift in Sources */ = {isa = PBXBuildFile; fileRef = CEE46B4B2DE02CF1008A1B22 /* MarvelModels.swift */; };
		CEE46B4F2DE02E74008A1B22 /* CharacterListView.swift in Sources */ = {isa = PBXBuildFile; fileRef = CEE46B4E2DE02E74008A1B22 /* CharacterListView.swift */; };
		CEE46B522DE03112008A1B22 /* BaseNetwork.swift in Sources */ = {isa = PBXBuildFile; fileRef = CEE46B512DE03112008A1B22 /* BaseNetwork.swift */; };
		CEE46B562DE08171008A1B22 /* MarvelsRow.swift in Sources */ = {isa = PBXBuildFile; fileRef = CEE46B552DE08171008A1B22 /* MarvelsRow.swift */; };
		CEE46B5A2DE1700E008A1B22 /* Image.swift in Sources */ = {isa = PBXBuildFile; fileRef = CEE46B592DE1700E008A1B22 /* Image.swift */; };
		CEE46B5C2DE18614008A1B22 /* SecondView.swift in Sources */ = {isa = PBXBuildFile; fileRef = CEE46B5B2DE18614008A1B22 /* SecondView.swift */; };
		CEE46B602DE2C27A008A1B22 /* StoriesRow.swift in Sources */ = {isa = PBXBuildFile; fileRef = CEE46B5F2DE2C27A008A1B22 /* StoriesRow.swift */; };
		CEE46B622DE2C69C008A1B22 /* MarvelStories.swift in Sources */ = {isa = PBXBuildFile; fileRef = CEE46B612DE2C69C008A1B22 /* MarvelStories.swift */; };
		CEE46B642DE2C6E8008A1B22 /* MarvelThumbnails.swift in Sources */ = {isa = PBXBuildFile; fileRef = CEE46B632DE2C6E8008A1B22 /* MarvelThumbnails.swift */; };
/* End PBXBuildFile section */

/* Begin PBXFileReference section */
		CEE46B382DE02CAF008A1B22 /* MarveLKCPractice.app */ = {isa = PBXFileReference; explicitFileType = wrapper.application; includeInIndex = 0; path = MarveLKCPractice.app; sourceTree = BUILT_PRODUCTS_DIR; };
		CEE46B3B2DE02CAF008A1B22 /* MarveLKCPracticeApp.swift */ = {isa = PBXFileReference; lastKnownFileType = sourcecode.swift; path = MarveLKCPracticeApp.swift; sourceTree = "<group>"; };
		CEE46B3F2DE02CB0008A1B22 /* Assets.xcassets */ = {isa = PBXFileReference; lastKnownFileType = folder.assetcatalog; path = Assets.xcassets; sourceTree = "<group>"; };
		CEE46B422DE02CB0008A1B22 /* Preview Assets.xcassets */ = {isa = PBXFileReference; lastKnownFileType = folder.assetcatalog; path = "Preview Assets.xcassets"; sourceTree = "<group>"; };
		CEE46B4B2DE02CF1008A1B22 /* MarvelModels.swift */ = {isa = PBXFileReference; lastKnownFileType = sourcecode.swift; path = MarvelModels.swift; sourceTree = "<group>"; };
		CEE46B4E2DE02E74008A1B22 /* CharacterListView.swift */ = {isa = PBXFileReference; lastKnownFileType = sourcecode.swift; path = CharacterListView.swift; sourceTree = "<group>"; };
		CEE46B512DE03112008A1B22 /* BaseNetwork.swift */ = {isa = PBXFileReference; lastKnownFileType = sourcecode.swift; path = BaseNetwork.swift; sourceTree = "<group>"; };
		CEE46B552DE08171008A1B22 /* MarvelsRow.swift */ = {isa = PBXFileReference; lastKnownFileType = sourcecode.swift; path = MarvelsRow.swift; sourceTree = "<group>"; };
		CEE46B592DE1700E008A1B22 /* Image.swift */ = {isa = PBXFileReference; lastKnownFileType = sourcecode.swift; path = Image.swift; sourceTree = "<group>"; };
		CEE46B5B2DE18614008A1B22 /* SecondView.swift */ = {isa = PBXFileReference; lastKnownFileType = sourcecode.swift; path = SecondView.swift; sourceTree = "<group>"; };
		CEE46B5F2DE2C27A008A1B22 /* StoriesRow.swift */ = {isa = PBXFileReference; lastKnownFileType = sourcecode.swift; path = StoriesRow.swift; sourceTree = "<group>"; };
		CEE46B612DE2C69C008A1B22 /* MarvelStories.swift */ = {isa = PBXFileReference; lastKnownFileType = sourcecode.swift; path = MarvelStories.swift; sourceTree = "<group>"; };
		CEE46B632DE2C6E8008A1B22 /* MarvelThumbnails.swift */ = {isa = PBXFileReference; lastKnownFileType = sourcecode.swift; path = MarvelThumbnails.swift; sourceTree = "<group>"; };
/* End PBXFileReference section */

/* Begin PBXFrameworksBuildPhase section */
		CEE46B352DE02CAF008A1B22 /* Frameworks */ = {
			isa = PBXFrameworksBuildPhase;
			buildActionMask = 2147483647;
			files = (
			);
			runOnlyForDeploymentPostprocessing = 0;
		};
/* End PBXFrameworksBuildPhase section */

/* Begin PBXGroup section */
		CEE46B2F2DE02CAF008A1B22 = {
			isa = PBXGroup;
			children = (
				CEE46B3A2DE02CAF008A1B22 /* MarveLKCPractice */,
				CEE46B392DE02CAF008A1B22 /* Products */,
			);
			sourceTree = "<group>";
		};
		CEE46B392DE02CAF008A1B22 /* Products */ = {
			isa = PBXGroup;
			children = (
				CEE46B382DE02CAF008A1B22 /* MarveLKCPractice.app */,
			);
			name = Products;
			sourceTree = "<group>";
		};
		CEE46B3A2DE02CAF008A1B22 /* MarveLKCPractice */ = {
			isa = PBXGroup;
			children = (
				CEE46B492DE02CBD008A1B22 /* MVVVM */,
				CEE46B3F2DE02CB0008A1B22 /* Assets.xcassets */,
				CEE46B3B2DE02CAF008A1B22 /* MarveLKCPracticeApp.swift */,
				CEE46B412DE02CB0008A1B22 /* Preview Content */,
			);
			path = MarveLKCPractice;
			sourceTree = "<group>";
		};
		CEE46B412DE02CB0008A1B22 /* Preview Content */ = {
			isa = PBXGroup;
			children = (
				CEE46B422DE02CB0008A1B22 /* Preview Assets.xcassets */,
			);
			path = "Preview Content";
			sourceTree = "<group>";
		};
		CEE46B492DE02CBD008A1B22 /* MVVVM */ = {
			isa = PBXGroup;
			children = (
				CEE46B4A2DE02CC9008A1B22 /* Models */,
				CEE46B502DE0304C008A1B22 /* ViewModel */,
				CEE46B4D2DE02DFC008A1B22 /* Views */,
			);
			path = MVVVM;
			sourceTree = "<group>";
		};
		CEE46B4A2DE02CC9008A1B22 /* Models */ = {
			isa = PBXGroup;
			children = (
				CEE46B4B2DE02CF1008A1B22 /* MarvelModels.swift */,
				CEE46B612DE2C69C008A1B22 /* MarvelStories.swift */,
				CEE46B632DE2C6E8008A1B22 /* MarvelThumbnails.swift */,
			);
			path = Models;
			sourceTree = "<group>";
		};
		CEE46B4D2DE02DFC008A1B22 /* Views */ = {
			isa = PBXGroup;
			children = (
				CEE46B4E2DE02E74008A1B22 /* CharacterListView.swift */,
				CEE46B552DE08171008A1B22 /* MarvelsRow.swift */,
				CEE46B5B2DE18614008A1B22 /* SecondView.swift */,
				CEE46B5F2DE2C27A008A1B22 /* StoriesRow.swift */,
			);
			path = Views;
			sourceTree = "<group>";
		};
		CEE46B502DE0304C008A1B22 /* ViewModel */ = {
			isa = PBXGroup;
			children = (
				CEE46B512DE03112008A1B22 /* BaseNetwork.swift */,
				CEE46B592DE1700E008A1B22 /* Image.swift */,
			);
			path = ViewModel;
			sourceTree = "<group>";
		};
/* End PBXGroup section */

/* Begin PBXNativeTarget section */
		CEE46B372DE02CAF008A1B22 /* MarveLKCPractice */ = {
			isa = PBXNativeTarget;
			buildConfigurationList = CEE46B462DE02CB0008A1B22 /* Build configuration list for PBXNativeTarget "MarveLKCPractice" */;
			buildPhases = (
				CEE46B342DE02CAF008A1B22 /* Sources */,
				CEE46B352DE02CAF008A1B22 /* Frameworks */,
				CEE46B362DE02CAF008A1B22 /* Resources */,
			);
			buildRules = (
			);
			dependencies = (
			);
			name = MarveLKCPractice;
			productName = MarveLKCPractice;
			productReference = CEE46B382DE02CAF008A1B22 /* MarveLKCPractice.app */;
			productType = "com.apple.product-type.application";
		};
/* End PBXNativeTarget section */

/* Begin PBXProject section */
		CEE46B302DE02CAF008A1B22 /* Project object */ = {
			isa = PBXProject;
			attributes = {
				BuildIndependentTargetsInParallel = 1;
				LastSwiftUpdateCheck = 1400;
				LastUpgradeCheck = 1400;
				TargetAttributes = {
					CEE46B372DE02CAF008A1B22 = {
						CreatedOnToolsVersion = 14.0.1;
					};
				};
			};
			buildConfigurationList = CEE46B332DE02CAF008A1B22 /* Build configuration list for PBXProject "MarveLKCPractice" */;
			compatibilityVersion = "Xcode 14.0";
			developmentRegion = en;
			hasScannedForEncodings = 0;
			knownRegions = (
				en,
				Base,
			);
			mainGroup = CEE46B2F2DE02CAF008A1B22;
			productRefGroup = CEE46B392DE02CAF008A1B22 /* Products */;
			projectDirPath = "";
			projectRoot = "";
			targets = (
				CEE46B372DE02CAF008A1B22 /* MarveLKCPractice */,
			);
		};
/* End PBXProject section */

/* Begin PBXResourcesBuildPhase section */
		CEE46B362DE02CAF008A1B22 /* Resources */ = {
			isa = PBXResourcesBuildPhase;
			buildActionMask = 2147483647;
			files = (
				CEE46B432DE02CB0008A1B22 /* Preview Assets.xcassets in Resources */,
				CEE46B402DE02CB0008A1B22 /* Assets.xcassets in Resources */,
			);
			runOnlyForDeploymentPostprocessing = 0;
		};
/* End PBXResourcesBuildPhase section */

/* Begin PBXSourcesBuildPhase section */
		CEE46B342DE02CAF008A1B22 /* Sources */ = {
			isa = PBXSourcesBuildPhase;
			buildActionMask = 2147483647;
			files = (
				CEE46B622DE2C69C008A1B22 /* MarvelStories.swift in Sources */,
				CEE46B5C2DE18614008A1B22 /* SecondView.swift in Sources */,
				CEE46B4C2DE02CF1008A1B22 /* MarvelModels.swift in Sources */,
				CEE46B5A2DE1700E008A1B22 /* Image.swift in Sources */,
				CEE46B562DE08171008A1B22 /* MarvelsRow.swift in Sources */,
				CEE46B602DE2C27A008A1B22 /* StoriesRow.swift in Sources */,
				CEE46B4F2DE02E74008A1B22 /* CharacterListView.swift in Sources */,
				CEE46B642DE2C6E8008A1B22 /* MarvelThumbnails.swift in Sources */,
				CEE46B3C2DE02CAF008A1B22 /* MarveLKCPracticeApp.swift in Sources */,
				CEE46B522DE03112008A1B22 /* BaseNetwork.swift in Sources */,
			);
			runOnlyForDeploymentPostprocessing = 0;
		};
/* End PBXSourcesBuildPhase section */

/* Begin XCBuildConfiguration section */
		CEE46B442DE02CB0008A1B22 /* Debug */ = {
			isa = XCBuildConfiguration;
			buildSettings = {
				ALWAYS_SEARCH_USER_PATHS = NO;
				CLANG_ANALYZER_NONNULL = YES;
				CLANG_ANALYZER_NUMBER_OBJECT_CONVERSION = YES_AGGRESSIVE;
				CLANG_CXX_LANGUAGE_STANDARD = "gnu++20";
				CLANG_ENABLE_MODULES = YES;
				CLANG_ENABLE_OBJC_ARC = YES;
				CLANG_ENABLE_OBJC_WEAK = YES;
				CLANG_WARN_BLOCK_CAPTURE_AUTORELEASING = YES;
				CLANG_WARN_BOOL_CONVERSION = YES;
				CLANG_WARN_COMMA = YES;
				CLANG_WARN_CONSTANT_CONVERSION = YES;
				CLANG_WARN_DEPRECATED_OBJC_IMPLEMENTATIONS = YES;
				CLANG_WARN_DIRECT_OBJC_ISA_USAGE = YES_ERROR;
				CLANG_WARN_DOCUMENTATION_COMMENTS = YES;
				CLANG_WARN_EMPTY_BODY = YES;
				CLANG_WARN_ENUM_CONVERSION = YES;
				CLANG_WARN_INFINITE_RECURSION = YES;
				CLANG_WARN_INT_CONVERSION = YES;
				CLANG_WARN_NON_LITERAL_NULL_CONVERSION = YES;
				CLANG_WARN_OBJC_IMPLICIT_RETAIN_SELF = YES;
				CLANG_WARN_OBJC_LITERAL_CONVERSION = YES;
				CLANG_WARN_OBJC_ROOT_CLASS = YES_ERROR;
				CLANG_WARN_QUOTED_INCLUDE_IN_FRAMEWORK_HEADER = YES;
				CLANG_WARN_RANGE_LOOP_ANALYSIS = YES;
				CLANG_WARN_STRICT_PROTOTYPES = YES;
				CLANG_WARN_SUSPICIOUS_MOVE = YES;
				CLANG_WARN_UNGUARDED_AVAILABILITY = YES_AGGRESSIVE;
				CLANG_WARN_UNREACHABLE_CODE = YES;
				CLANG_WARN__DUPLICATE_METHOD_MATCH = YES;
				COPY_PHASE_STRIP = NO;
				DEBUG_INFORMATION_FORMAT = dwarf;
				ENABLE_STRICT_OBJC_MSGSEND = YES;
				ENABLE_TESTABILITY = YES;
				GCC_C_LANGUAGE_STANDARD = gnu11;
				GCC_DYNAMIC_NO_PIC = NO;
				GCC_NO_COMMON_BLOCKS = YES;
				GCC_OPTIMIZATION_LEVEL = 0;
				GCC_PREPROCESSOR_DEFINITIONS = (
					"DEBUG=1",
					"$(inherited)",
				);
				GCC_WARN_64_TO_32_BIT_CONVERSION = YES;
				GCC_WARN_ABOUT_RETURN_TYPE = YES_ERROR;
				GCC_WARN_UNDECLARED_SELECTOR = YES;
				GCC_WARN_UNINITIALIZED_AUTOS = YES_AGGRESSIVE;
				GCC_WARN_UNUSED_FUNCTION = YES;
				GCC_WARN_UNUSED_VARIABLE = YES;
				IPHONEOS_DEPLOYMENT_TARGET = 16.0;
				MTL_ENABLE_DEBUG_INFO = INCLUDE_SOURCE;
				MTL_FAST_MATH = YES;
				ONLY_ACTIVE_ARCH = YES;
				SDKROOT = iphoneos;
				SWIFT_ACTIVE_COMPILATION_CONDITIONS = DEBUG;
				SWIFT_OPTIMIZATION_LEVEL = "-Onone";
			};
			name = Debug;
		};
		CEE46B452DE02CB0008A1B22 /* Release */ = {
			isa = XCBuildConfiguration;
			buildSettings = {
				ALWAYS_SEARCH_USER_PATHS = NO;
				CLANG_ANALYZER_NONNULL = YES;
				CLANG_ANALYZER_NUMBER_OBJECT_CONVERSION = YES_AGGRESSIVE;
				CLANG_CXX_LANGUAGE_STANDARD = "gnu++20";
				CLANG_ENABLE_MODULES = YES;
				CLANG_ENABLE_OBJC_ARC = YES;
				CLANG_ENABLE_OBJC_WEAK = YES;
				CLANG_WARN_BLOCK_CAPTURE_AUTORELEASING = YES;
				CLANG_WARN_BOOL_CONVERSION = YES;
				CLANG_WARN_COMMA = YES;
				CLANG_WARN_CONSTANT_CONVERSION = YES;
				CLANG_WARN_DEPRECATED_OBJC_IMPLEMENTATIONS = YES;
				CLANG_WARN_DIRECT_OBJC_ISA_USAGE = YES_ERROR;
				CLANG_WARN_DOCUMENTATION_COMMENTS = YES;
				CLANG_WARN_EMPTY_BODY = YES;
				CLANG_WARN_ENUM_CONVERSION = YES;
				CLANG_WARN_INFINITE_RECURSION = YES;
				CLANG_WARN_INT_CONVERSION = YES;
				CLANG_WARN_NON_LITERAL_NULL_CONVERSION = YES;
				CLANG_WARN_OBJC_IMPLICIT_RETAIN_SELF = YES;
				CLANG_WARN_OBJC_LITERAL_CONVERSION = YES;
				CLANG_WARN_OBJC_ROOT_CLASS = YES_ERROR;
				CLANG_WARN_QUOTED_INCLUDE_IN_FRAMEWORK_HEADER = YES;
				CLANG_WARN_RANGE_LOOP_ANALYSIS = YES;
				CLANG_WARN_STRICT_PROTOTYPES = YES;
				CLANG_WARN_SUSPICIOUS_MOVE = YES;
				CLANG_WARN_UNGUARDED_AVAILABILITY = YES_AGGRESSIVE;
				CLANG_WARN_UNREACHABLE_CODE = YES;
				CLANG_WARN__DUPLICATE_METHOD_MATCH = YES;
				COPY_PHASE_STRIP = NO;
				DEBUG_INFORMATION_FORMAT = "dwarf-with-dsym";
				ENABLE_NS_ASSERTIONS = NO;
				ENABLE_STRICT_OBJC_MSGSEND = YES;
				GCC_C_LANGUAGE_STANDARD = gnu11;
				GCC_NO_COMMON_BLOCKS = YES;
				GCC_WARN_64_TO_32_BIT_CONVERSION = YES;
				GCC_WARN_ABOUT_RETURN_TYPE = YES_ERROR;
				GCC_WARN_UNDECLARED_SELECTOR = YES;
				GCC_WARN_UNINITIALIZED_AUTOS = YES_AGGRESSIVE;
				GCC_WARN_UNUSED_FUNCTION = YES;
				GCC_WARN_UNUSED_VARIABLE = YES;
				IPHONEOS_DEPLOYMENT_TARGET = 16.0;
				MTL_ENABLE_DEBUG_INFO = NO;
				MTL_FAST_MATH = YES;
				SDKROOT = iphoneos;
				SWIFT_COMPILATION_MODE = wholemodule;
				SWIFT_OPTIMIZATION_LEVEL = "-O";
				VALIDATE_PRODUCT = YES;
			};
			name = Release;
		};
		CEE46B472DE02CB0008A1B22 /* Debug */ = {
			isa = XCBuildConfiguration;
			buildSettings = {
				ASSETCATALOG_COMPILER_APPICON_NAME = AppIcon;
				ASSETCATALOG_COMPILER_GLOBAL_ACCENT_COLOR_NAME = AccentColor;
				CODE_SIGN_STYLE = Automatic;
				CURRENT_PROJECT_VERSION = 1;
				DEVELOPMENT_ASSET_PATHS = "\"MarveLKCPractice/Preview Content\"";
				DEVELOPMENT_TEAM = 5722V3U6DK;
				ENABLE_PREVIEWS = YES;
				GENERATE_INFOPLIST_FILE = YES;
				INFOPLIST_KEY_UIApplicationSceneManifest_Generation = YES;
				INFOPLIST_KEY_UIApplicationSupportsIndirectInputEvents = YES;
				INFOPLIST_KEY_UILaunchScreen_Generation = YES;
				INFOPLIST_KEY_UISupportedInterfaceOrientations_iPad = "UIInterfaceOrientationPortrait UIInterfaceOrientationPortraitUpsideDown UIInterfaceOrientationLandscapeLeft UIInterfaceOrientationLandscapeRight";
				INFOPLIST_KEY_UISupportedInterfaceOrientations_iPhone = "UIInterfaceOrientationPortrait UIInterfaceOrientationLandscapeLeft UIInterfaceOrientationLandscapeRight";
				LD_RUNPATH_SEARCH_PATHS = (
					"$(inherited)",
					"@executable_path/Frameworks",
				);
				MARKETING_VERSION = 1.0;
				PRODUCT_BUNDLE_IDENTIFIER = io.zzuwiglaisi.MarveLKCPractice;
				PRODUCT_NAME = "$(TARGET_NAME)";
				SWIFT_EMIT_LOC_STRINGS = YES;
				SWIFT_VERSION = 5.0;
				TARGETED_DEVICE_FAMILY = "1,2";
			};
			name = Debug;
		};
		CEE46B482DE02CB0008A1B22 /* Release */ = {
			isa = XCBuildConfiguration;
			buildSettings = {
				ASSETCATALOG_COMPILER_APPICON_NAME = AppIcon;
				ASSETCATALOG_COMPILER_GLOBAL_ACCENT_COLOR_NAME = AccentColor;
				CODE_SIGN_STYLE = Automatic;
				CURRENT_PROJECT_VERSION = 1;
				DEVELOPMENT_ASSET_PATHS = "\"MarveLKCPractice/Preview Content\"";
				DEVELOPMENT_TEAM = 5722V3U6DK;
				ENABLE_PREVIEWS = YES;
				GENERATE_INFOPLIST_FILE = YES;
				INFOPLIST_KEY_UIApplicationSceneManifest_Generation = YES;
				INFOPLIST_KEY_UIApplicationSupportsIndirectInputEvents = YES;
				INFOPLIST_KEY_UILaunchScreen_Generation = YES;
				INFOPLIST_KEY_UISupportedInterfaceOrientations_iPad = "UIInterfaceOrientationPortrait UIInterfaceOrientationPortraitUpsideDown UIInterfaceOrientationLandscapeLeft UIInterfaceOrientationLandscapeRight";
				INFOPLIST_KEY_UISupportedInterfaceOrientations_iPhone = "UIInterfaceOrientationPortrait UIInterfaceOrientationLandscapeLeft UIInterfaceOrientationLandscapeRight";
				LD_RUNPATH_SEARCH_PATHS = (
					"$(inherited)",
					"@executable_path/Frameworks",
				);
				MARKETING_VERSION = 1.0;
				PRODUCT_BUNDLE_IDENTIFIER = io.zzuwiglaisi.MarveLKCPractice;
				PRODUCT_NAME = "$(TARGET_NAME)";
				SWIFT_EMIT_LOC_STRINGS = YES;
				SWIFT_VERSION = 5.0;
				TARGETED_DEVICE_FAMILY = "1,2";
			};
			name = Release;
		};
/* End XCBuildConfiguration section */

/* Begin XCConfigurationList section */
		CEE46B332DE02CAF008A1B22 /* Build configuration list for PBXProject "MarveLKCPractice" */ = {
			isa = XCConfigurationList;
			buildConfigurations = (
				CEE46B442DE02CB0008A1B22 /* Debug */,
				CEE46B452DE02CB0008A1B22 /* Release */,
			);
			defaultConfigurationIsVisible = 0;
			defaultConfigurationName = Release;
		};
		CEE46B462DE02CB0008A1B22 /* Build configuration list for PBXNativeTarget "MarveLKCPractice" */ = {
			isa = XCConfigurationList;
			buildConfigurations = (
				CEE46B472DE02CB0008A1B22 /* Debug */,
				CEE46B482DE02CB0008A1B22 /* Release */,
			);
			defaultConfigurationIsVisible = 0;
			defaultConfigurationName = Release;
		};
/* End XCConfigurationList section */
	};
	rootObject = CEE46B302DE02CAF008A1B22 /* Project object */;
}
